
Microsoft Visual Studio Solution File, Format Version 12.00
# Visual Studio Version 17
VisualStudioVersion = 17.14.36221.1 d17.14
MinimumVisualStudioVersion = 10.0.40219.1
Project("{FAE04EC0-301F-11D3-BF4B-00C04F79EFBC}") = "MyCURDApp", "MyCURDApp\MyCURDApp.csproj", "{13BC66A0-C770-4C82-B83E-9F9EB3AEC80C}"
EndProject
Global
	GlobalSection(SolutionConfigurationPlatforms) = preSolution
		Debug|Any CPU = Debug|Any CPU
		Release|Any CPU = Release|Any CPU
	EndGlobalSection
	GlobalSection(ProjectConfigurationPlatforms) = postSolution
		{13BC66A0-C770-4C82-B83E-9F9EB3AEC80C}.Debug|Any CPU.ActiveCfg = Debug|Any CPU
		{13BC66A0-C770-4C82-B83E-9F9EB3AEC80C}.Debug|Any CPU.Build.0 = Debug|Any CPU
		{13BC66A0-C770-4C82-B83E-9F9EB3AEC80C}.Release|Any CPU.ActiveCfg = Release|Any CPU
		{13BC66A0-C770-4C82-B83E-9F9EB3AEC80C}.Release|Any CPU.Build.0 = Release|Any CPU
	EndGlobalSection
	GlobalSection(SolutionProperties) = preSolution
		HideSolutionNode = FALSE
	EndGlobalSection
	GlobalSection(ExtensibilityGlobals) = postSolution
		SolutionGuid = {D8D6A074-2D5F-4426-8181-916DB8600706}
	EndGlobalSection
EndGlobal
